
Microsoft Visual Studio Solution File, Format Version 12.00
# Visual Studio Version 17
VisualStudioVersion = 17.2.32519.379
MinimumVisualStudioVersion = 10.0.40219.1
Project("{FAE04EC0-301F-11D3-BF4B-00C04F79EFBC}") = "Weapons", "Weapons.csproj", "{1445FFFE-F5E7-45B8-978A-141C6A1E49D4}"
EndProject
Global
	GlobalSection(SolutionConfigurationPlatforms) = preSolution
		Debug|Any CPU = Debug|Any CPU
		Release|Any CPU = Release|Any CPU
	EndGlobalSection
	GlobalSection(ProjectConfigurationPlatforms) = postSolution
		{1445FFFE-F5E7-45B8-978A-141C6A1E49D4}.Debug|Any CPU.ActiveCfg = Debug|Any CPU
		{1445FFFE-F5E7-45B8-978A-141C6A1E49D4}.Debug|Any CPU.Build.0 = Debug|Any CPU
		{1445FFFE-F5E7-45B8-978A-141C6A1E49D4}.Release|Any CPU.ActiveCfg = Release|Any CPU
		{1445FFFE-F5E7-45B8-978A-141C6A1E49D4}.Release|Any CPU.Build.0 = Release|Any CPU
	EndGlobalSection
	GlobalSection(SolutionProperties) = preSolution
		HideSolutionNode = FALSE
	EndGlobalSection
	GlobalSection(ExtensibilityGlobals) = postSolution
		SolutionGuid = {C98A5E2A-2DC0-4AEE-9A3C-E96AFE3256C1}
	EndGlobalSection
EndGlobal
