
Microsoft Visual Studio Solution File, Format Version 12.00
# Visual Studio Version 17
VisualStudioVersion = 17.3.32929.385
MinimumVisualStudioVersion = 10.0.40219.1
Project("{FAE04EC0-301F-11D3-BF4B-00C04F79EFBC}") = "App2", "App2\App2.csproj", "{301ED520-2E21-4A99-A399-EFCB21E2999C}"
EndProject
Global
	GlobalSection(SolutionConfigurationPlatforms) = preSolution
		Debug|Any CPU = Debug|Any CPU
		Release|Any CPU = Release|Any CPU
	EndGlobalSection
	GlobalSection(ProjectConfigurationPlatforms) = postSolution
		{301ED520-2E21-4A99-A399-EFCB21E2999C}.Debug|Any CPU.ActiveCfg = Debug|Any CPU
		{301ED520-2E21-4A99-A399-EFCB21E2999C}.Debug|Any CPU.Build.0 = Debug|Any CPU
		{301ED520-2E21-4A99-A399-EFCB21E2999C}.Release|Any CPU.ActiveCfg = Release|Any CPU
		{301ED520-2E21-4A99-A399-EFCB21E2999C}.Release|Any CPU.Build.0 = Release|Any CPU
	EndGlobalSection
	GlobalSection(SolutionProperties) = preSolution
		HideSolutionNode = FALSE
	EndGlobalSection
	GlobalSection(ExtensibilityGlobals) = postSolution
		SolutionGuid = {008F2AAE-9120-4135-9C13-8031113075AE}
	EndGlobalSection
EndGlobal
