
Microsoft Visual Studio Solution File, Format Version 12.00
# Visual Studio Version 17
VisualStudioVersion = 17.2.32526.322
MinimumVisualStudioVersion = 10.0.40219.1
Project("{FAE04EC0-301F-11D3-BF4B-00C04F79EFBC}") = "ZaripovRiyaz320Exam", "ZaripovRiyaz320Exam\ZaripovRiyaz320Exam.csproj", "{48DC243B-CDF2-4443-B2F6-247AF2662D68}"
EndProject
Global
	GlobalSection(SolutionConfigurationPlatforms) = preSolution
		Debug|Any CPU = Debug|Any CPU
		Release|Any CPU = Release|Any CPU
	EndGlobalSection
	GlobalSection(ProjectConfigurationPlatforms) = postSolution
		{48DC243B-CDF2-4443-B2F6-247AF2662D68}.Debug|Any CPU.ActiveCfg = Debug|Any CPU
		{48DC243B-CDF2-4443-B2F6-247AF2662D68}.Debug|Any CPU.Build.0 = Debug|Any CPU
		{48DC243B-CDF2-4443-B2F6-247AF2662D68}.Release|Any CPU.ActiveCfg = Release|Any CPU
		{48DC243B-CDF2-4443-B2F6-247AF2662D68}.Release|Any CPU.Build.0 = Release|Any CPU
	EndGlobalSection
	GlobalSection(SolutionProperties) = preSolution
		HideSolutionNode = FALSE
	EndGlobalSection
	GlobalSection(ExtensibilityGlobals) = postSolution
		SolutionGuid = {CF7B122D-B12F-4C27-A0D2-C0BAE3AAA04E}
	EndGlobalSection
EndGlobal
