
Microsoft Visual Studio Solution File, Format Version 12.00
# Visual Studio Version 17
VisualStudioVersion = 17.1.32407.343
MinimumVisualStudioVersion = 10.0.40219.1
Project("{FAE04EC0-301F-11D3-BF4B-00C04F79EFBC}") = "ExamConsoleAppSecond", "ExamConsoleAppSecond\ExamConsoleAppSecond.csproj", "{B6F66311-1E6A-4696-B73A-F1B8C4745B1B}"
EndProject
Global
	GlobalSection(SolutionConfigurationPlatforms) = preSolution
		Debug|Any CPU = Debug|Any CPU
		Release|Any CPU = Release|Any CPU
	EndGlobalSection
	GlobalSection(ProjectConfigurationPlatforms) = postSolution
		{B6F66311-1E6A-4696-B73A-F1B8C4745B1B}.Debug|Any CPU.ActiveCfg = Debug|Any CPU
		{B6F66311-1E6A-4696-B73A-F1B8C4745B1B}.Debug|Any CPU.Build.0 = Debug|Any CPU
		{B6F66311-1E6A-4696-B73A-F1B8C4745B1B}.Release|Any CPU.ActiveCfg = Release|Any CPU
		{B6F66311-1E6A-4696-B73A-F1B8C4745B1B}.Release|Any CPU.Build.0 = Release|Any CPU
	EndGlobalSection
	GlobalSection(SolutionProperties) = preSolution
		HideSolutionNode = FALSE
	EndGlobalSection
	GlobalSection(ExtensibilityGlobals) = postSolution
		SolutionGuid = {6EBA93DA-298D-45A4-AB50-B2462A19F97D}
	EndGlobalSection
EndGlobal
